<?xml version="1.0" encoding="UTF-8" standalone="yes" ?>
<CodeBlocks_project_file>
	<FileVersion major="1" minor="6" />
	<Project>
		<Option title="Mario" />
		<Option pch_mode="2" />
		<Option compiler="gcc" />
		<Build>
			<Target title="Debug">
				<Option output="bin/Debug/Mario" prefix_auto="1" extension_auto="1" />
				<Option object_output="obj/Debug/" />
				<Option type="1" />
				<Option compiler="gcc" />
				<Compiler>
					<Add option="-g" />
				</Compiler>
			</Target>
			<Target title="Release">
				<Option output="bin/Release/Mario" prefix_auto="1" extension_auto="1" />
				<Option object_output="obj/Release/" />
				<Option type="1" />
				<Option compiler="gcc" />
				<Compiler>
					<Add option="-O2" />
				</Compiler>
				<Linker>
					<Add option="-s" />
				</Linker>
			</Target>
		</Build>
		<Compiler>
			<Add option="-Wall" />
			<Add option="-fexceptions" />
		</Compiler>
		<Unit filename="ColliderComponent.h">
			<Option target="&lt;{~None~}&gt;" />
		</Unit>
		<Unit filename="Collision.h">
			<Option target="&lt;{~None~}&gt;" />
		</Unit>
		<Unit filename="Component.h">
			<Option target="&lt;{~None~}&gt;" />
		</Unit>
		<Unit filename="ECS.h">
			<Option target="&lt;{~None~}&gt;" />
		</Unit>
		<Unit filename="KeyboardController.h">
			<Option target="&lt;{~None~}&gt;" />
		</Unit>
		<Unit filename="Map.h">
			<Option target="&lt;{~None~}&gt;" />
		</Unit>
		<Unit filename="PhysicsComponent.h">
			<Option target="&lt;{~None~}&gt;" />
		</Unit>
		<Unit filename="SpriteComponent.h">
			<Option target="&lt;{~None~}&gt;" />
		</Unit>
		<Unit filename="TextureManage.h">
			<Option target="&lt;{~None~}&gt;" />
		</Unit>
		<Unit filename="TransformComponent.h">
			<Option target="&lt;{~None~}&gt;" />
		</Unit>
		<Unit filename="Vector2D.h">
			<Option target="&lt;{~None~}&gt;" />
		</Unit>
		<Unit filename="defs.h">
			<Option target="&lt;{~None~}&gt;" />
		</Unit>
		<Unit filename="graphic.h">
			<Option target="&lt;{~None~}&gt;" />
		</Unit>
		<Unit filename="main.cpp" />
		<Extensions>
			<lib_finder disable_auto="1" />
		</Extensions>
	</Project>
</CodeBlocks_project_file>
